
Microsoft Visual Studio Solution File, Format Version 12.00
# Visual Studio Version 16
VisualStudioVersion = 16.0.32802.440
MinimumVisualStudioVersion = 10.0.40219.1
Project("{FAE04EC0-301F-11D3-BF4B-00C04F79EFBC}") = "AdvancedConcepts", "AdvancedConcepts\AdvancedConcepts.csproj", "{39F754C1-1D61-41B6-96F5-6A0C30C7D7FD}"
EndProject
Global
	GlobalSection(SolutionConfigurationPlatforms) = preSolution
		Debug|Any CPU = Debug|Any CPU
		Release|Any CPU = Release|Any CPU
	EndGlobalSection
	GlobalSection(ProjectConfigurationPlatforms) = postSolution
		{39F754C1-1D61-41B6-96F5-6A0C30C7D7FD}.Debug|Any CPU.ActiveCfg = Debug|Any CPU
		{39F754C1-1D61-41B6-96F5-6A0C30C7D7FD}.Debug|Any CPU.Build.0 = Debug|Any CPU
		{39F754C1-1D61-41B6-96F5-6A0C30C7D7FD}.Release|Any CPU.ActiveCfg = Release|Any CPU
		{39F754C1-1D61-41B6-96F5-6A0C30C7D7FD}.Release|Any CPU.Build.0 = Release|Any CPU
	EndGlobalSection
	GlobalSection(SolutionProperties) = preSolution
		HideSolutionNode = FALSE
	EndGlobalSection
	GlobalSection(ExtensibilityGlobals) = postSolution
		SolutionGuid = {A53E7EB3-3F88-4909-BB33-941A92DCBFC2}
	EndGlobalSection
EndGlobal
